
Microsoft Visual Studio Solution File, Format Version 12.00
# Visual Studio Version 17
VisualStudioVersion = 17.9.34728.123
MinimumVisualStudioVersion = 10.0.40219.1
Project("{FAE04EC0-301F-11D3-BF4B-00C04F79EFBC}") = "StoreXManagement", "StoreXManagement\StoreXManagement.csproj", "{177AD98E-8453-4EFF-9ABF-D75AD76271B9}"
EndProject
Global
	GlobalSection(SolutionConfigurationPlatforms) = preSolution
		Debug|Any CPU = Debug|Any CPU
		Release|Any CPU = Release|Any CPU
	EndGlobalSection
	GlobalSection(ProjectConfigurationPlatforms) = postSolution
		{177AD98E-8453-4EFF-9ABF-D75AD76271B9}.Debug|Any CPU.ActiveCfg = Debug|Any CPU
		{177AD98E-8453-4EFF-9ABF-D75AD76271B9}.Debug|Any CPU.Build.0 = Debug|Any CPU
		{177AD98E-8453-4EFF-9ABF-D75AD76271B9}.Release|Any CPU.ActiveCfg = Release|Any CPU
		{177AD98E-8453-4EFF-9ABF-D75AD76271B9}.Release|Any CPU.Build.0 = Release|Any CPU
	EndGlobalSection
	GlobalSection(SolutionProperties) = preSolution
		HideSolutionNode = FALSE
	EndGlobalSection
	GlobalSection(ExtensibilityGlobals) = postSolution
		SolutionGuid = {7B09D688-5C81-4241-8288-7FDE74E3901C}
	EndGlobalSection
EndGlobal
